// !$*UTF8*$!
{
	archiveVersion = 1;
	classes = {
	};
	objectVersion = 56;
	objects = {

/* Begin PBXBuildFile section */
		84041D582A78414A0085D28A /* WebViewViewController.swift in Sources */ = {isa = PBXBuildFile; fileRef = 84041D572A78414A0085D28A /* WebViewViewController.swift */; };
		8429895B2A8E26BA002D3C97 /* ProfileService.swift in Sources */ = {isa = PBXBuildFile; fileRef = 8429895A2A8E26BA002D3C97 /* ProfileService.swift */; };
		842BC8F52A66FB2600B09935 /* SingleImageViewController.swift in Sources */ = {isa = PBXBuildFile; fileRef = 842BC8F42A66FB2600B09935 /* SingleImageViewController.swift */; };
		8431A3512A5754370056E618 /* ImagesListCell.swift in Sources */ = {isa = PBXBuildFile; fileRef = 8431A3502A5754370056E618 /* ImagesListCell.swift */; };
		8431A3542A58A80C0056E618 /* Assets.xcassets in Resources */ = {isa = PBXBuildFile; fileRef = 8431A3532A58A80C0056E618 /* Assets.xcassets */; };
		844E955D2A783F720037DCE9 /* AuthViewController.swift in Sources */ = {isa = PBXBuildFile; fileRef = 844E955C2A783F720037DCE9 /* AuthViewController.swift */; };
		847F30982A81357B00B5BEDA /* SplashViewController.swift in Sources */ = {isa = PBXBuildFile; fileRef = 847F30972A81357B00B5BEDA /* SplashViewController.swift */; };
		848282682A62EBF400B0C492 /* ProfileViewController.swift in Sources */ = {isa = PBXBuildFile; fileRef = 848282672A62EBF400B0C492 /* ProfileViewController.swift */; };
		848BC92E2A76B6620084D082 /* Constants.swift in Sources */ = {isa = PBXBuildFile; fileRef = 848BC92D2A76B6620084D082 /* Constants.swift */; };
		849E21EF2A8FEF5C0006B247 /* ProfileResponseBody.swift in Sources */ = {isa = PBXBuildFile; fileRef = 849E21EE2A8FEF5C0006B247 /* ProfileResponseBody.swift */; };
		849E21F12A8FF1B10006B247 /* ProfileImageService.swift in Sources */ = {isa = PBXBuildFile; fileRef = 849E21F02A8FF1B10006B247 /* ProfileImageService.swift */; };
		84B4C6012A839A4F003901B1 /* URLRequest.swift in Sources */ = {isa = PBXBuildFile; fileRef = 84B4C6002A839A4F003901B1 /* URLRequest.swift */; };
		84B4C6032A839A75003901B1 /* URLSession.swift in Sources */ = {isa = PBXBuildFile; fileRef = 84B4C6022A839A75003901B1 /* URLSession.swift */; };
		84B4C6052A839AC2003901B1 /* NetworkErrorModel.swift in Sources */ = {isa = PBXBuildFile; fileRef = 84B4C6042A839AC2003901B1 /* NetworkErrorModel.swift */; };
		84D5D1902A8A8C740089A7BE /* UIBlockingProgressHUD.swift in Sources */ = {isa = PBXBuildFile; fileRef = 84D5D18F2A8A8C740089A7BE /* UIBlockingProgressHUD.swift */; };
		84D66A902A8821430012788D /* ProgressHUD in Frameworks */ = {isa = PBXBuildFile; productRef = 84D66A8F2A8821430012788D /* ProgressHUD */; };
		84DB4E862A7ED5A800B8E3A3 /* OAuth2TokenStorage.swift in Sources */ = {isa = PBXBuildFile; fileRef = 84DB4E852A7ED5A800B8E3A3 /* OAuth2TokenStorage.swift */; };
		84FB04332A507D170084F445 /* AppDelegate.swift in Sources */ = {isa = PBXBuildFile; fileRef = 84FB04322A507D170084F445 /* AppDelegate.swift */; };
		84FB04352A507D170084F445 /* SceneDelegate.swift in Sources */ = {isa = PBXBuildFile; fileRef = 84FB04342A507D170084F445 /* SceneDelegate.swift */; };
		84FB04372A507D170084F445 /* ImagesListViewController.swift in Sources */ = {isa = PBXBuildFile; fileRef = 84FB04362A507D170084F445 /* ImagesListViewController.swift */; };
		84FB043A2A507D170084F445 /* Main.storyboard in Resources */ = {isa = PBXBuildFile; fileRef = 84FB04382A507D170084F445 /* Main.storyboard */; };
		84FB043F2A507D1B0084F445 /* LaunchScreen.storyboard in Resources */ = {isa = PBXBuildFile; fileRef = 84FB043D2A507D1B0084F445 /* LaunchScreen.storyboard */; };
		84FC5F2F2A7E9CE00011B164 /* OAuthTokenResponseBody.swift in Sources */ = {isa = PBXBuildFile; fileRef = 84FC5F2E2A7E9CE00011B164 /* OAuthTokenResponseBody.swift */; };
		84FC5F312A7E9DDD0011B164 /* OAuth2Service.swift in Sources */ = {isa = PBXBuildFile; fileRef = 84FC5F302A7E9DDD0011B164 /* OAuth2Service.swift */; };
/* End PBXBuildFile section */

/* Begin PBXFileReference section */
		84041D572A78414A0085D28A /* WebViewViewController.swift */ = {isa = PBXFileReference; lastKnownFileType = sourcecode.swift; path = WebViewViewController.swift; sourceTree = "<group>"; };
		8429895A2A8E26BA002D3C97 /* ProfileService.swift */ = {isa = PBXFileReference; lastKnownFileType = sourcecode.swift; path = ProfileService.swift; sourceTree = "<group>"; };
		842BC8F42A66FB2600B09935 /* SingleImageViewController.swift */ = {isa = PBXFileReference; lastKnownFileType = sourcecode.swift; path = SingleImageViewController.swift; sourceTree = "<group>"; };
		8431A3502A5754370056E618 /* ImagesListCell.swift */ = {isa = PBXFileReference; lastKnownFileType = sourcecode.swift; path = ImagesListCell.swift; sourceTree = "<group>"; };
		8431A3532A58A80C0056E618 /* Assets.xcassets */ = {isa = PBXFileReference; lastKnownFileType = folder.assetcatalog; path = Assets.xcassets; sourceTree = "<group>"; };
		844E955C2A783F720037DCE9 /* AuthViewController.swift */ = {isa = PBXFileReference; lastKnownFileType = sourcecode.swift; path = AuthViewController.swift; sourceTree = "<group>"; };
		847F30972A81357B00B5BEDA /* SplashViewController.swift */ = {isa = PBXFileReference; lastKnownFileType = sourcecode.swift; path = SplashViewController.swift; sourceTree = "<group>"; };
		848282672A62EBF400B0C492 /* ProfileViewController.swift */ = {isa = PBXFileReference; lastKnownFileType = sourcecode.swift; path = ProfileViewController.swift; sourceTree = "<group>"; };
		848BC92D2A76B6620084D082 /* Constants.swift */ = {isa = PBXFileReference; lastKnownFileType = sourcecode.swift; path = Constants.swift; sourceTree = "<group>"; };
		849E21EE2A8FEF5C0006B247 /* ProfileResponseBody.swift */ = {isa = PBXFileReference; lastKnownFileType = sourcecode.swift; path = ProfileResponseBody.swift; sourceTree = "<group>"; };
		849E21F02A8FF1B10006B247 /* ProfileImageService.swift */ = {isa = PBXFileReference; lastKnownFileType = sourcecode.swift; path = ProfileImageService.swift; sourceTree = "<group>"; };
		84B4C6002A839A4F003901B1 /* URLRequest.swift */ = {isa = PBXFileReference; lastKnownFileType = sourcecode.swift; path = URLRequest.swift; sourceTree = "<group>"; };
		84B4C6022A839A75003901B1 /* URLSession.swift */ = {isa = PBXFileReference; lastKnownFileType = sourcecode.swift; path = URLSession.swift; sourceTree = "<group>"; };
		84B4C6042A839AC2003901B1 /* NetworkErrorModel.swift */ = {isa = PBXFileReference; lastKnownFileType = sourcecode.swift; path = NetworkErrorModel.swift; sourceTree = "<group>"; };
		84D5D18F2A8A8C740089A7BE /* UIBlockingProgressHUD.swift */ = {isa = PBXFileReference; lastKnownFileType = sourcecode.swift; path = UIBlockingProgressHUD.swift; sourceTree = "<group>"; };
		84DB4E852A7ED5A800B8E3A3 /* OAuth2TokenStorage.swift */ = {isa = PBXFileReference; lastKnownFileType = sourcecode.swift; path = OAuth2TokenStorage.swift; sourceTree = "<group>"; };
		84FB042F2A507D170084F445 /* ImageFeed.app */ = {isa = PBXFileReference; explicitFileType = wrapper.application; includeInIndex = 0; path = ImageFeed.app; sourceTree = BUILT_PRODUCTS_DIR; };
		84FB04322A507D170084F445 /* AppDelegate.swift */ = {isa = PBXFileReference; lastKnownFileType = sourcecode.swift; path = AppDelegate.swift; sourceTree = "<group>"; };
		84FB04342A507D170084F445 /* SceneDelegate.swift */ = {isa = PBXFileReference; lastKnownFileType = sourcecode.swift; path = SceneDelegate.swift; sourceTree = "<group>"; };
		84FB04362A507D170084F445 /* ImagesListViewController.swift */ = {isa = PBXFileReference; lastKnownFileType = sourcecode.swift; path = ImagesListViewController.swift; sourceTree = "<group>"; };
		84FB04392A507D170084F445 /* Base */ = {isa = PBXFileReference; lastKnownFileType = file.storyboard; name = Base; path = Base.lproj/Main.storyboard; sourceTree = "<group>"; };
		84FB043E2A507D1B0084F445 /* Base */ = {isa = PBXFileReference; lastKnownFileType = file.storyboard; name = Base; path = Base.lproj/LaunchScreen.storyboard; sourceTree = "<group>"; };
		84FB04402A507D1B0084F445 /* Info.plist */ = {isa = PBXFileReference; lastKnownFileType = text.plist.xml; path = Info.plist; sourceTree = "<group>"; };
		84FC5F2E2A7E9CE00011B164 /* OAuthTokenResponseBody.swift */ = {isa = PBXFileReference; lastKnownFileType = sourcecode.swift; path = OAuthTokenResponseBody.swift; sourceTree = "<group>"; };
		84FC5F302A7E9DDD0011B164 /* OAuth2Service.swift */ = {isa = PBXFileReference; lastKnownFileType = sourcecode.swift; path = OAuth2Service.swift; sourceTree = "<group>"; };
/* End PBXFileReference section */

/* Begin PBXFrameworksBuildPhase section */
		84FB042C2A507D170084F445 /* Frameworks */ = {
			isa = PBXFrameworksBuildPhase;
			buildActionMask = 2147483647;
			files = (
				84D66A902A8821430012788D /* ProgressHUD in Frameworks */,
			);
			runOnlyForDeploymentPostprocessing = 0;
		};
/* End PBXFrameworksBuildPhase section */

/* Begin PBXGroup section */
		8431A3522A5754640056E618 /* ImagesList */ = {
			isa = PBXGroup;
			children = (
				84FB04362A507D170084F445 /* ImagesListViewController.swift */,
				8431A3502A5754370056E618 /* ImagesListCell.swift */,
			);
			path = ImagesList;
			sourceTree = "<group>";
		};
		844E955E2A783F810037DCE9 /* Auth */ = {
			isa = PBXGroup;
			children = (
				84FC5F2E2A7E9CE00011B164 /* OAuthTokenResponseBody.swift */,
				84FC5F302A7E9DDD0011B164 /* OAuth2Service.swift */,
				84DB4E852A7ED5A800B8E3A3 /* OAuth2TokenStorage.swift */,
				844E955C2A783F720037DCE9 /* AuthViewController.swift */,
				84041D572A78414A0085D28A /* WebViewViewController.swift */,
			);
			path = Auth;
			sourceTree = "<group>";
		};
		8496ECC92A6A6E7D003B7B5D /* SingleImage */ = {
			isa = PBXGroup;
			children = (
				842BC8F42A66FB2600B09935 /* SingleImageViewController.swift */,
			);
			path = SingleImage;
			sourceTree = "<group>";
		};
		8496ECCA2A6A6EAE003B7B5D /* Profile */ = {
			isa = PBXGroup;
			children = (
				848282672A62EBF400B0C492 /* ProfileViewController.swift */,
				849E21EE2A8FEF5C0006B247 /* ProfileResponseBody.swift */,
				8429895A2A8E26BA002D3C97 /* ProfileService.swift */,
				849E21F02A8FF1B10006B247 /* ProfileImageService.swift */,
			);
			path = Profile;
			sourceTree = "<group>";
		};
		84B4C6062A839AF4003901B1 /* Network */ = {
			isa = PBXGroup;
			children = (
				84B4C6002A839A4F003901B1 /* URLRequest.swift */,
				84B4C6022A839A75003901B1 /* URLSession.swift */,
				84B4C6042A839AC2003901B1 /* NetworkErrorModel.swift */,
			);
			path = Network;
			sourceTree = "<group>";
		};
		84FB04262A507D170084F445 = {
			isa = PBXGroup;
			children = (
				84FB04312A507D170084F445 /* ImageFeed */,
				84FB04302A507D170084F445 /* Products */,
			);
			sourceTree = "<group>";
		};
		84FB04302A507D170084F445 /* Products */ = {
			isa = PBXGroup;
			children = (
				84FB042F2A507D170084F445 /* ImageFeed.app */,
			);
			name = Products;
			sourceTree = "<group>";
		};
		84FB04312A507D170084F445 /* ImageFeed */ = {
			isa = PBXGroup;
			children = (
				84FB04322A507D170084F445 /* AppDelegate.swift */,
				84FB04342A507D170084F445 /* SceneDelegate.swift */,
				848BC92D2A76B6620084D082 /* Constants.swift */,
				84D5D18F2A8A8C740089A7BE /* UIBlockingProgressHUD.swift */,
				847F30972A81357B00B5BEDA /* SplashViewController.swift */,
				844E955E2A783F810037DCE9 /* Auth */,
				84B4C6062A839AF4003901B1 /* Network */,
				8496ECCA2A6A6EAE003B7B5D /* Profile */,
				8431A3522A5754640056E618 /* ImagesList */,
				8496ECC92A6A6E7D003B7B5D /* SingleImage */,
				84FB04382A507D170084F445 /* Main.storyboard */,
				84FB043D2A507D1B0084F445 /* LaunchScreen.storyboard */,
				8431A3532A58A80C0056E618 /* Assets.xcassets */,
				84FB04402A507D1B0084F445 /* Info.plist */,
			);
			path = ImageFeed;
			sourceTree = "<group>";
		};
/* End PBXGroup section */

/* Begin PBXNativeTarget section */
		84FB042E2A507D170084F445 /* ImageFeed */ = {
			isa = PBXNativeTarget;
			buildConfigurationList = 84FB04432A507D1B0084F445 /* Build configuration list for PBXNativeTarget "ImageFeed" */;
			buildPhases = (
				84FB042B2A507D170084F445 /* Sources */,
				84FB042C2A507D170084F445 /* Frameworks */,
				84FB042D2A507D170084F445 /* Resources */,
			);
			buildRules = (
			);
			dependencies = (
			);
			name = ImageFeed;
			packageProductDependencies = (
				84D66A8F2A8821430012788D /* ProgressHUD */,
			);
			productName = ImageFeed;
			productReference = 84FB042F2A507D170084F445 /* ImageFeed.app */;
			productType = "com.apple.product-type.application";
		};
/* End PBXNativeTarget section */

/* Begin PBXProject section */
		84FB04272A507D170084F445 /* Project object */ = {
			isa = PBXProject;
			attributes = {
				BuildIndependentTargetsInParallel = 1;
				LastSwiftUpdateCheck = 1420;
				LastUpgradeCheck = 1420;
				TargetAttributes = {
					84FB042E2A507D170084F445 = {
						CreatedOnToolsVersion = 14.2;
					};
				};
			};
			buildConfigurationList = 84FB042A2A507D170084F445 /* Build configuration list for PBXProject "ImageFeed" */;
			compatibilityVersion = "Xcode 14.0";
			developmentRegion = en;
			hasScannedForEncodings = 0;
			knownRegions = (
				en,
				Base,
			);
			mainGroup = 84FB04262A507D170084F445;
			packageReferences = (
				84D66A8E2A8821430012788D /* XCRemoteSwiftPackageReference "ProgressHUD" */,
			);
			productRefGroup = 84FB04302A507D170084F445 /* Products */;
			projectDirPath = "";
			projectRoot = "";
			targets = (
				84FB042E2A507D170084F445 /* ImageFeed */,
			);
		};
/* End PBXProject section */

/* Begin PBXResourcesBuildPhase section */
		84FB042D2A507D170084F445 /* Resources */ = {
			isa = PBXResourcesBuildPhase;
			buildActionMask = 2147483647;
			files = (
				84FB043F2A507D1B0084F445 /* LaunchScreen.storyboard in Resources */,
				84FB043A2A507D170084F445 /* Main.storyboard in Resources */,
				8431A3542A58A80C0056E618 /* Assets.xcassets in Resources */,
			);
			runOnlyForDeploymentPostprocessing = 0;
		};
/* End PBXResourcesBuildPhase section */

/* Begin PBXSourcesBuildPhase section */
		84FB042B2A507D170084F445 /* Sources */ = {
			isa = PBXSourcesBuildPhase;
			buildActionMask = 2147483647;
			files = (
				84DB4E862A7ED5A800B8E3A3 /* OAuth2TokenStorage.swift in Sources */,
				84B4C6012A839A4F003901B1 /* URLRequest.swift in Sources */,
				84B4C6032A839A75003901B1 /* URLSession.swift in Sources */,
				84FB04372A507D170084F445 /* ImagesListViewController.swift in Sources */,
				8431A3512A5754370056E618 /* ImagesListCell.swift in Sources */,
				848282682A62EBF400B0C492 /* ProfileViewController.swift in Sources */,
				84FB04332A507D170084F445 /* AppDelegate.swift in Sources */,
				84B4C6052A839AC2003901B1 /* NetworkErrorModel.swift in Sources */,
				84FC5F312A7E9DDD0011B164 /* OAuth2Service.swift in Sources */,
				847F30982A81357B00B5BEDA /* SplashViewController.swift in Sources */,
				84FC5F2F2A7E9CE00011B164 /* OAuthTokenResponseBody.swift in Sources */,
				8429895B2A8E26BA002D3C97 /* ProfileService.swift in Sources */,
				844E955D2A783F720037DCE9 /* AuthViewController.swift in Sources */,
				849E21EF2A8FEF5C0006B247 /* ProfileResponseBody.swift in Sources */,
				848BC92E2A76B6620084D082 /* Constants.swift in Sources */,
				842BC8F52A66FB2600B09935 /* SingleImageViewController.swift in Sources */,
				84041D582A78414A0085D28A /* WebViewViewController.swift in Sources */,
				849E21F12A8FF1B10006B247 /* ProfileImageService.swift in Sources */,
				84FB04352A507D170084F445 /* SceneDelegate.swift in Sources */,
				84D5D1902A8A8C740089A7BE /* UIBlockingProgressHUD.swift in Sources */,
			);
			runOnlyForDeploymentPostprocessing = 0;
		};
/* End PBXSourcesBuildPhase section */

/* Begin PBXVariantGroup section */
		84FB04382A507D170084F445 /* Main.storyboard */ = {
			isa = PBXVariantGroup;
			children = (
				84FB04392A507D170084F445 /* Base */,
			);
			name = Main.storyboard;
			sourceTree = "<group>";
		};
		84FB043D2A507D1B0084F445 /* LaunchScreen.storyboard */ = {
			isa = PBXVariantGroup;
			children = (
				84FB043E2A507D1B0084F445 /* Base */,
			);
			name = LaunchScreen.storyboard;
			sourceTree = "<group>";
		};
/* End PBXVariantGroup section */

/* Begin XCBuildConfiguration section */
		84FB04412A507D1B0084F445 /* Debug */ = {
			isa = XCBuildConfiguration;
			buildSettings = {
				ALWAYS_SEARCH_USER_PATHS = NO;
				CLANG_ANALYZER_NONNULL = YES;
				CLANG_ANALYZER_NUMBER_OBJECT_CONVERSION = YES_AGGRESSIVE;
				CLANG_CXX_LANGUAGE_STANDARD = "gnu++20";
				CLANG_ENABLE_MODULES = YES;
				CLANG_ENABLE_OBJC_ARC = YES;
				CLANG_ENABLE_OBJC_WEAK = YES;
				CLANG_WARN_BLOCK_CAPTURE_AUTORELEASING = YES;
				CLANG_WARN_BOOL_CONVERSION = YES;
				CLANG_WARN_COMMA = YES;
				CLANG_WARN_CONSTANT_CONVERSION = YES;
				CLANG_WARN_DEPRECATED_OBJC_IMPLEMENTATIONS = YES;
				CLANG_WARN_DIRECT_OBJC_ISA_USAGE = YES_ERROR;
				CLANG_WARN_DOCUMENTATION_COMMENTS = YES;
				CLANG_WARN_EMPTY_BODY = YES;
				CLANG_WARN_ENUM_CONVERSION = YES;
				CLANG_WARN_INFINITE_RECURSION = YES;
				CLANG_WARN_INT_CONVERSION = YES;
				CLANG_WARN_NON_LITERAL_NULL_CONVERSION = YES;
				CLANG_WARN_OBJC_IMPLICIT_RETAIN_SELF = YES;
				CLANG_WARN_OBJC_LITERAL_CONVERSION = YES;
				CLANG_WARN_OBJC_ROOT_CLASS = YES_ERROR;
				CLANG_WARN_QUOTED_INCLUDE_IN_FRAMEWORK_HEADER = YES;
				CLANG_WARN_RANGE_LOOP_ANALYSIS = YES;
				CLANG_WARN_STRICT_PROTOTYPES = YES;
				CLANG_WARN_SUSPICIOUS_MOVE = YES;
				CLANG_WARN_UNGUARDED_AVAILABILITY = YES_AGGRESSIVE;
				CLANG_WARN_UNREACHABLE_CODE = YES;
				CLANG_WARN__DUPLICATE_METHOD_MATCH = YES;
				COPY_PHASE_STRIP = NO;
				DEBUG_INFORMATION_FORMAT = dwarf;
				ENABLE_STRICT_OBJC_MSGSEND = YES;
				ENABLE_TESTABILITY = YES;
				GCC_C_LANGUAGE_STANDARD = gnu11;
				GCC_DYNAMIC_NO_PIC = NO;
				GCC_NO_COMMON_BLOCKS = YES;
				GCC_OPTIMIZATION_LEVEL = 0;
				GCC_PREPROCESSOR_DEFINITIONS = (
					"DEBUG=1",
					"$(inherited)",
				);
				GCC_WARN_64_TO_32_BIT_CONVERSION = YES;
				GCC_WARN_ABOUT_RETURN_TYPE = YES_ERROR;
				GCC_WARN_UNDECLARED_SELECTOR = YES;
				GCC_WARN_UNINITIALIZED_AUTOS = YES_AGGRESSIVE;
				GCC_WARN_UNUSED_FUNCTION = YES;
				GCC_WARN_UNUSED_VARIABLE = YES;
				IPHONEOS_DEPLOYMENT_TARGET = 13.0;
				MTL_ENABLE_DEBUG_INFO = INCLUDE_SOURCE;
				MTL_FAST_MATH = YES;
				ONLY_ACTIVE_ARCH = YES;
				SDKROOT = iphoneos;
				SWIFT_ACTIVE_COMPILATION_CONDITIONS = DEBUG;
				SWIFT_OPTIMIZATION_LEVEL = "-Onone";
			};
			name = Debug;
		};
		84FB04422A507D1B0084F445 /* Release */ = {
			isa = XCBuildConfiguration;
			buildSettings = {
				ALWAYS_SEARCH_USER_PATHS = NO;
				CLANG_ANALYZER_NONNULL = YES;
				CLANG_ANALYZER_NUMBER_OBJECT_CONVERSION = YES_AGGRESSIVE;
				CLANG_CXX_LANGUAGE_STANDARD = "gnu++20";
				CLANG_ENABLE_MODULES = YES;
				CLANG_ENABLE_OBJC_ARC = YES;
				CLANG_ENABLE_OBJC_WEAK = YES;
				CLANG_WARN_BLOCK_CAPTURE_AUTORELEASING = YES;
				CLANG_WARN_BOOL_CONVERSION = YES;
				CLANG_WARN_COMMA = YES;
				CLANG_WARN_CONSTANT_CONVERSION = YES;
				CLANG_WARN_DEPRECATED_OBJC_IMPLEMENTATIONS = YES;
				CLANG_WARN_DIRECT_OBJC_ISA_USAGE = YES_ERROR;
				CLANG_WARN_DOCUMENTATION_COMMENTS = YES;
				CLANG_WARN_EMPTY_BODY = YES;
				CLANG_WARN_ENUM_CONVERSION = YES;
				CLANG_WARN_INFINITE_RECURSION = YES;
				CLANG_WARN_INT_CONVERSION = YES;
				CLANG_WARN_NON_LITERAL_NULL_CONVERSION = YES;
				CLANG_WARN_OBJC_IMPLICIT_RETAIN_SELF = YES;
				CLANG_WARN_OBJC_LITERAL_CONVERSION = YES;
				CLANG_WARN_OBJC_ROOT_CLASS = YES_ERROR;
				CLANG_WARN_QUOTED_INCLUDE_IN_FRAMEWORK_HEADER = YES;
				CLANG_WARN_RANGE_LOOP_ANALYSIS = YES;
				CLANG_WARN_STRICT_PROTOTYPES = YES;
				CLANG_WARN_SUSPICIOUS_MOVE = YES;
				CLANG_WARN_UNGUARDED_AVAILABILITY = YES_AGGRESSIVE;
				CLANG_WARN_UNREACHABLE_CODE = YES;
				CLANG_WARN__DUPLICATE_METHOD_MATCH = YES;
				COPY_PHASE_STRIP = NO;
				DEBUG_INFORMATION_FORMAT = "dwarf-with-dsym";
				ENABLE_NS_ASSERTIONS = NO;
				ENABLE_STRICT_OBJC_MSGSEND = YES;
				GCC_C_LANGUAGE_STANDARD = gnu11;
				GCC_NO_COMMON_BLOCKS = YES;
				GCC_WARN_64_TO_32_BIT_CONVERSION = YES;
				GCC_WARN_ABOUT_RETURN_TYPE = YES_ERROR;
				GCC_WARN_UNDECLARED_SELECTOR = YES;
				GCC_WARN_UNINITIALIZED_AUTOS = YES_AGGRESSIVE;
				GCC_WARN_UNUSED_FUNCTION = YES;
				GCC_WARN_UNUSED_VARIABLE = YES;
				IPHONEOS_DEPLOYMENT_TARGET = 13.0;
				MTL_ENABLE_DEBUG_INFO = NO;
				MTL_FAST_MATH = YES;
				SDKROOT = iphoneos;
				SWIFT_COMPILATION_MODE = wholemodule;
				SWIFT_OPTIMIZATION_LEVEL = "-O";
				VALIDATE_PRODUCT = YES;
			};
			name = Release;
		};
		84FB04442A507D1B0084F445 /* Debug */ = {
			isa = XCBuildConfiguration;
			buildSettings = {
				ASSETCATALOG_COMPILER_APPICON_NAME = AppIcon;
				ASSETCATALOG_COMPILER_GLOBAL_ACCENT_COLOR_NAME = AccentColor;
				CODE_SIGN_STYLE = Automatic;
				CURRENT_PROJECT_VERSION = 1;
				DEVELOPMENT_TEAM = Q9BL3YJ6S3;
				GENERATE_INFOPLIST_FILE = YES;
				INFOPLIST_FILE = ImageFeed/Info.plist;
				INFOPLIST_KEY_UIApplicationSupportsIndirectInputEvents = YES;
				INFOPLIST_KEY_UILaunchStoryboardName = LaunchScreen;
				INFOPLIST_KEY_UIMainStoryboardFile = Main;
				INFOPLIST_KEY_UIStatusBarStyle = UIStatusBarStyleLightContent;
				INFOPLIST_KEY_UISupportedInterfaceOrientations = UIInterfaceOrientationPortrait;
				IPHONEOS_DEPLOYMENT_TARGET = 13.0;
				LD_RUNPATH_SEARCH_PATHS = (
					"$(inherited)",
					"@executable_path/Frameworks",
				);
				MARKETING_VERSION = 1.0;
				PRODUCT_BUNDLE_IDENTIFIER = ru.yandex.practicum.ognerub.ImageFeed;
				PRODUCT_NAME = "$(TARGET_NAME)";
				SUPPORTED_PLATFORMS = "iphoneos iphonesimulator";
				SUPPORTS_MACCATALYST = NO;
				SUPPORTS_MAC_DESIGNED_FOR_IPHONE_IPAD = NO;
				SWIFT_EMIT_LOC_STRINGS = YES;
				SWIFT_VERSION = 5.0;
				TARGETED_DEVICE_FAMILY = 1;
			};
			name = Debug;
		};
		84FB04452A507D1B0084F445 /* Release */ = {
			isa = XCBuildConfiguration;
			buildSettings = {
				ASSETCATALOG_COMPILER_APPICON_NAME = AppIcon;
				ASSETCATALOG_COMPILER_GLOBAL_ACCENT_COLOR_NAME = AccentColor;
				CODE_SIGN_STYLE = Automatic;
				CURRENT_PROJECT_VERSION = 1;
				DEVELOPMENT_TEAM = Q9BL3YJ6S3;
				GENERATE_INFOPLIST_FILE = YES;
				INFOPLIST_FILE = ImageFeed/Info.plist;
				INFOPLIST_KEY_UIApplicationSupportsIndirectInputEvents = YES;
				INFOPLIST_KEY_UILaunchStoryboardName = LaunchScreen;
				INFOPLIST_KEY_UIMainStoryboardFile = Main;
				INFOPLIST_KEY_UIStatusBarStyle = UIStatusBarStyleLightContent;
				INFOPLIST_KEY_UISupportedInterfaceOrientations = UIInterfaceOrientationPortrait;
				IPHONEOS_DEPLOYMENT_TARGET = 13.0;
				LD_RUNPATH_SEARCH_PATHS = (
					"$(inherited)",
					"@executable_path/Frameworks",
				);
				MARKETING_VERSION = 1.0;
				PRODUCT_BUNDLE_IDENTIFIER = ru.yandex.practicum.ognerub.ImageFeed;
				PRODUCT_NAME = "$(TARGET_NAME)";
				SUPPORTED_PLATFORMS = "iphoneos iphonesimulator";
				SUPPORTS_MACCATALYST = NO;
				SUPPORTS_MAC_DESIGNED_FOR_IPHONE_IPAD = NO;
				SWIFT_EMIT_LOC_STRINGS = YES;
				SWIFT_VERSION = 5.0;
				TARGETED_DEVICE_FAMILY = 1;
			};
			name = Release;
		};
/* End XCBuildConfiguration section */

/* Begin XCConfigurationList section */
		84FB042A2A507D170084F445 /* Build configuration list for PBXProject "ImageFeed" */ = {
			isa = XCConfigurationList;
			buildConfigurations = (
				84FB04412A507D1B0084F445 /* Debug */,
				84FB04422A507D1B0084F445 /* Release */,
			);
			defaultConfigurationIsVisible = 0;
			defaultConfigurationName = Release;
		};
		84FB04432A507D1B0084F445 /* Build configuration list for PBXNativeTarget "ImageFeed" */ = {
			isa = XCConfigurationList;
			buildConfigurations = (
				84FB04442A507D1B0084F445 /* Debug */,
				84FB04452A507D1B0084F445 /* Release */,
			);
			defaultConfigurationIsVisible = 0;
			defaultConfigurationName = Release;
		};
/* End XCConfigurationList section */

/* Begin XCRemoteSwiftPackageReference section */
		84D66A8E2A8821430012788D /* XCRemoteSwiftPackageReference "ProgressHUD" */ = {
			isa = XCRemoteSwiftPackageReference;
			repositoryURL = "https://github.com/relatedcode/ProgressHUD";
			requirement = {
				kind = exactVersion;
				version = 13.7.2;
			};
		};
/* End XCRemoteSwiftPackageReference section */

/* Begin XCSwiftPackageProductDependency section */
		84D66A8F2A8821430012788D /* ProgressHUD */ = {
			isa = XCSwiftPackageProductDependency;
			package = 84D66A8E2A8821430012788D /* XCRemoteSwiftPackageReference "ProgressHUD" */;
			productName = ProgressHUD;
		};
/* End XCSwiftPackageProductDependency section */
	};
	rootObject = 84FB04272A507D170084F445 /* Project object */;
}
