// !$*UTF8*$!
{
	archiveVersion = 1;
	classes = {
	};
	objectVersion = 56;
	objects = {

/* Begin PBXBuildFile section */
		8431A33B2A574D170056E618 /* 13.png in Resources */ = {isa = PBXBuildFile; fileRef = 8431A3262A574D160056E618 /* 13.png */; };
		8431A33C2A574D170056E618 /* 19.png in Resources */ = {isa = PBXBuildFile; fileRef = 8431A3272A574D160056E618 /* 19.png */; };
		8431A33D2A574D170056E618 /* 5.png in Resources */ = {isa = PBXBuildFile; fileRef = 8431A3282A574D160056E618 /* 5.png */; };
		8431A33E2A574D170056E618 /* 20.png in Resources */ = {isa = PBXBuildFile; fileRef = 8431A3292A574D160056E618 /* 20.png */; };
		8431A33F2A574D170056E618 /* 1.png in Resources */ = {isa = PBXBuildFile; fileRef = 8431A32A2A574D160056E618 /* 1.png */; };
		8431A3402A574D170056E618 /* 10.png in Resources */ = {isa = PBXBuildFile; fileRef = 8431A32B2A574D160056E618 /* 10.png */; };
		8431A3412A574D170056E618 /* 17.png in Resources */ = {isa = PBXBuildFile; fileRef = 8431A32C2A574D160056E618 /* 17.png */; };
		8431A3422A574D170056E618 /* 8.png in Resources */ = {isa = PBXBuildFile; fileRef = 8431A32D2A574D160056E618 /* 8.png */; };
		8431A3432A574D170056E618 /* 11.png in Resources */ = {isa = PBXBuildFile; fileRef = 8431A32E2A574D160056E618 /* 11.png */; };
		8431A3442A574D170056E618 /* 12.png in Resources */ = {isa = PBXBuildFile; fileRef = 8431A32F2A574D160056E618 /* 12.png */; };
		8431A3452A574D170056E618 /* 4.png in Resources */ = {isa = PBXBuildFile; fileRef = 8431A3302A574D160056E618 /* 4.png */; };
		8431A3462A574D170056E618 /* 0.png in Resources */ = {isa = PBXBuildFile; fileRef = 8431A3312A574D160056E618 /* 0.png */; };
		8431A3472A574D170056E618 /* 9.png in Resources */ = {isa = PBXBuildFile; fileRef = 8431A3322A574D160056E618 /* 9.png */; };
		8431A3482A574D170056E618 /* 14.png in Resources */ = {isa = PBXBuildFile; fileRef = 8431A3332A574D160056E618 /* 14.png */; };
		8431A3492A574D170056E618 /* 7.png in Resources */ = {isa = PBXBuildFile; fileRef = 8431A3342A574D170056E618 /* 7.png */; };
		8431A34A2A574D170056E618 /* 3.png in Resources */ = {isa = PBXBuildFile; fileRef = 8431A3352A574D170056E618 /* 3.png */; };
		8431A34B2A574D170056E618 /* 2.png in Resources */ = {isa = PBXBuildFile; fileRef = 8431A3362A574D170056E618 /* 2.png */; };
		8431A34C2A574D170056E618 /* 15.png in Resources */ = {isa = PBXBuildFile; fileRef = 8431A3372A574D170056E618 /* 15.png */; };
		8431A34D2A574D170056E618 /* 16.png in Resources */ = {isa = PBXBuildFile; fileRef = 8431A3382A574D170056E618 /* 16.png */; };
		8431A34E2A574D170056E618 /* 18.png in Resources */ = {isa = PBXBuildFile; fileRef = 8431A3392A574D170056E618 /* 18.png */; };
		8431A34F2A574D170056E618 /* 6.png in Resources */ = {isa = PBXBuildFile; fileRef = 8431A33A2A574D170056E618 /* 6.png */; };
		84FB04332A507D170084F445 /* AppDelegate.swift in Sources */ = {isa = PBXBuildFile; fileRef = 84FB04322A507D170084F445 /* AppDelegate.swift */; };
		84FB04352A507D170084F445 /* SceneDelegate.swift in Sources */ = {isa = PBXBuildFile; fileRef = 84FB04342A507D170084F445 /* SceneDelegate.swift */; };
		84FB04372A507D170084F445 /* ImagesListViewController.swift in Sources */ = {isa = PBXBuildFile; fileRef = 84FB04362A507D170084F445 /* ImagesListViewController.swift */; };
		84FB043A2A507D170084F445 /* Main.storyboard in Resources */ = {isa = PBXBuildFile; fileRef = 84FB04382A507D170084F445 /* Main.storyboard */; };
		84FB043C2A507D1B0084F445 /* Assets.xcassets in Resources */ = {isa = PBXBuildFile; fileRef = 84FB043B2A507D1B0084F445 /* Assets.xcassets */; };
		84FB043F2A507D1B0084F445 /* LaunchScreen.storyboard in Resources */ = {isa = PBXBuildFile; fileRef = 84FB043D2A507D1B0084F445 /* LaunchScreen.storyboard */; };
/* End PBXBuildFile section */

/* Begin PBXFileReference section */
		8431A3262A574D160056E618 /* 13.png */ = {isa = PBXFileReference; lastKnownFileType = image.png; path = 13.png; sourceTree = "<group>"; };
		8431A3272A574D160056E618 /* 19.png */ = {isa = PBXFileReference; lastKnownFileType = image.png; path = 19.png; sourceTree = "<group>"; };
		8431A3282A574D160056E618 /* 5.png */ = {isa = PBXFileReference; lastKnownFileType = image.png; path = 5.png; sourceTree = "<group>"; };
		8431A3292A574D160056E618 /* 20.png */ = {isa = PBXFileReference; lastKnownFileType = image.png; path = 20.png; sourceTree = "<group>"; };
		8431A32A2A574D160056E618 /* 1.png */ = {isa = PBXFileReference; lastKnownFileType = image.png; path = 1.png; sourceTree = "<group>"; };
		8431A32B2A574D160056E618 /* 10.png */ = {isa = PBXFileReference; lastKnownFileType = image.png; path = 10.png; sourceTree = "<group>"; };
		8431A32C2A574D160056E618 /* 17.png */ = {isa = PBXFileReference; lastKnownFileType = image.png; path = 17.png; sourceTree = "<group>"; };
		8431A32D2A574D160056E618 /* 8.png */ = {isa = PBXFileReference; lastKnownFileType = image.png; path = 8.png; sourceTree = "<group>"; };
		8431A32E2A574D160056E618 /* 11.png */ = {isa = PBXFileReference; lastKnownFileType = image.png; path = 11.png; sourceTree = "<group>"; };
		8431A32F2A574D160056E618 /* 12.png */ = {isa = PBXFileReference; lastKnownFileType = image.png; path = 12.png; sourceTree = "<group>"; };
		8431A3302A574D160056E618 /* 4.png */ = {isa = PBXFileReference; lastKnownFileType = image.png; path = 4.png; sourceTree = "<group>"; };
		8431A3312A574D160056E618 /* 0.png */ = {isa = PBXFileReference; lastKnownFileType = image.png; path = 0.png; sourceTree = "<group>"; };
		8431A3322A574D160056E618 /* 9.png */ = {isa = PBXFileReference; lastKnownFileType = image.png; path = 9.png; sourceTree = "<group>"; };
		8431A3332A574D160056E618 /* 14.png */ = {isa = PBXFileReference; lastKnownFileType = image.png; path = 14.png; sourceTree = "<group>"; };
		8431A3342A574D170056E618 /* 7.png */ = {isa = PBXFileReference; lastKnownFileType = image.png; path = 7.png; sourceTree = "<group>"; };
		8431A3352A574D170056E618 /* 3.png */ = {isa = PBXFileReference; lastKnownFileType = image.png; path = 3.png; sourceTree = "<group>"; };
		8431A3362A574D170056E618 /* 2.png */ = {isa = PBXFileReference; lastKnownFileType = image.png; path = 2.png; sourceTree = "<group>"; };
		8431A3372A574D170056E618 /* 15.png */ = {isa = PBXFileReference; lastKnownFileType = image.png; path = 15.png; sourceTree = "<group>"; };
		8431A3382A574D170056E618 /* 16.png */ = {isa = PBXFileReference; lastKnownFileType = image.png; path = 16.png; sourceTree = "<group>"; };
		8431A3392A574D170056E618 /* 18.png */ = {isa = PBXFileReference; lastKnownFileType = image.png; path = 18.png; sourceTree = "<group>"; };
		8431A33A2A574D170056E618 /* 6.png */ = {isa = PBXFileReference; lastKnownFileType = image.png; path = 6.png; sourceTree = "<group>"; };
		84FB042F2A507D170084F445 /* ImageFeed.app */ = {isa = PBXFileReference; explicitFileType = wrapper.application; includeInIndex = 0; path = ImageFeed.app; sourceTree = BUILT_PRODUCTS_DIR; };
		84FB04322A507D170084F445 /* AppDelegate.swift */ = {isa = PBXFileReference; lastKnownFileType = sourcecode.swift; path = AppDelegate.swift; sourceTree = "<group>"; };
		84FB04342A507D170084F445 /* SceneDelegate.swift */ = {isa = PBXFileReference; lastKnownFileType = sourcecode.swift; path = SceneDelegate.swift; sourceTree = "<group>"; };
		84FB04362A507D170084F445 /* ImagesListViewController.swift */ = {isa = PBXFileReference; lastKnownFileType = sourcecode.swift; path = ImagesListViewController.swift; sourceTree = "<group>"; };
		84FB04392A507D170084F445 /* Base */ = {isa = PBXFileReference; lastKnownFileType = file.storyboard; name = Base; path = Base.lproj/Main.storyboard; sourceTree = "<group>"; };
		84FB043B2A507D1B0084F445 /* Assets.xcassets */ = {isa = PBXFileReference; lastKnownFileType = folder.assetcatalog; path = Assets.xcassets; sourceTree = "<group>"; };
		84FB043E2A507D1B0084F445 /* Base */ = {isa = PBXFileReference; lastKnownFileType = file.storyboard; name = Base; path = Base.lproj/LaunchScreen.storyboard; sourceTree = "<group>"; };
		84FB04402A507D1B0084F445 /* Info.plist */ = {isa = PBXFileReference; lastKnownFileType = text.plist.xml; path = Info.plist; sourceTree = "<group>"; };
/* End PBXFileReference section */

/* Begin PBXFrameworksBuildPhase section */
		84FB042C2A507D170084F445 /* Frameworks */ = {
			isa = PBXFrameworksBuildPhase;
			buildActionMask = 2147483647;
			files = (
			);
			runOnlyForDeploymentPostprocessing = 0;
		};
/* End PBXFrameworksBuildPhase section */

/* Begin PBXGroup section */
		8431A3242A574CA60056E618 /* Resourses */ = {
			isa = PBXGroup;
			children = (
				8431A3252A574CC70056E618 /* Images */,
				84FB043B2A507D1B0084F445 /* Assets.xcassets */,
			);
			path = Resourses;
			sourceTree = "<group>";
		};
		8431A3252A574CC70056E618 /* Images */ = {
			isa = PBXGroup;
			children = (
				8431A3312A574D160056E618 /* 0.png */,
				8431A32A2A574D160056E618 /* 1.png */,
				8431A3362A574D170056E618 /* 2.png */,
				8431A3352A574D170056E618 /* 3.png */,
				8431A3302A574D160056E618 /* 4.png */,
				8431A3282A574D160056E618 /* 5.png */,
				8431A33A2A574D170056E618 /* 6.png */,
				8431A3342A574D170056E618 /* 7.png */,
				8431A32D2A574D160056E618 /* 8.png */,
				8431A3322A574D160056E618 /* 9.png */,
				8431A32B2A574D160056E618 /* 10.png */,
				8431A32E2A574D160056E618 /* 11.png */,
				8431A32F2A574D160056E618 /* 12.png */,
				8431A3262A574D160056E618 /* 13.png */,
				8431A3332A574D160056E618 /* 14.png */,
				8431A3372A574D170056E618 /* 15.png */,
				8431A3382A574D170056E618 /* 16.png */,
				8431A32C2A574D160056E618 /* 17.png */,
				8431A3392A574D170056E618 /* 18.png */,
				8431A3272A574D160056E618 /* 19.png */,
				8431A3292A574D160056E618 /* 20.png */,
			);
			path = Images;
			sourceTree = "<group>";
		};
		84FB04262A507D170084F445 = {
			isa = PBXGroup;
			children = (
				84FB04312A507D170084F445 /* ImageFeed */,
				84FB04302A507D170084F445 /* Products */,
			);
			sourceTree = "<group>";
		};
		84FB04302A507D170084F445 /* Products */ = {
			isa = PBXGroup;
			children = (
				84FB042F2A507D170084F445 /* ImageFeed.app */,
			);
			name = Products;
			sourceTree = "<group>";
		};
		84FB04312A507D170084F445 /* ImageFeed */ = {
			isa = PBXGroup;
			children = (
				84FB04322A507D170084F445 /* AppDelegate.swift */,
				84FB04342A507D170084F445 /* SceneDelegate.swift */,
				84FB04362A507D170084F445 /* ImagesListViewController.swift */,
				84FB04382A507D170084F445 /* Main.storyboard */,
				84FB043D2A507D1B0084F445 /* LaunchScreen.storyboard */,
				8431A3242A574CA60056E618 /* Resourses */,
				84FB04402A507D1B0084F445 /* Info.plist */,
			);
			path = ImageFeed;
			sourceTree = "<group>";
		};
/* End PBXGroup section */

/* Begin PBXNativeTarget section */
		84FB042E2A507D170084F445 /* ImageFeed */ = {
			isa = PBXNativeTarget;
			buildConfigurationList = 84FB04432A507D1B0084F445 /* Build configuration list for PBXNativeTarget "ImageFeed" */;
			buildPhases = (
				84FB042B2A507D170084F445 /* Sources */,
				84FB042C2A507D170084F445 /* Frameworks */,
				84FB042D2A507D170084F445 /* Resources */,
			);
			buildRules = (
			);
			dependencies = (
			);
			name = ImageFeed;
			productName = ImageFeed;
			productReference = 84FB042F2A507D170084F445 /* ImageFeed.app */;
			productType = "com.apple.product-type.application";
		};
/* End PBXNativeTarget section */

/* Begin PBXProject section */
		84FB04272A507D170084F445 /* Project object */ = {
			isa = PBXProject;
			attributes = {
				BuildIndependentTargetsInParallel = 1;
				LastSwiftUpdateCheck = 1420;
				LastUpgradeCheck = 1420;
				TargetAttributes = {
					84FB042E2A507D170084F445 = {
						CreatedOnToolsVersion = 14.2;
					};
				};
			};
			buildConfigurationList = 84FB042A2A507D170084F445 /* Build configuration list for PBXProject "ImageFeed" */;
			compatibilityVersion = "Xcode 14.0";
			developmentRegion = en;
			hasScannedForEncodings = 0;
			knownRegions = (
				en,
				Base,
			);
			mainGroup = 84FB04262A507D170084F445;
			productRefGroup = 84FB04302A507D170084F445 /* Products */;
			projectDirPath = "";
			projectRoot = "";
			targets = (
				84FB042E2A507D170084F445 /* ImageFeed */,
			);
		};
/* End PBXProject section */

/* Begin PBXResourcesBuildPhase section */
		84FB042D2A507D170084F445 /* Resources */ = {
			isa = PBXResourcesBuildPhase;
			buildActionMask = 2147483647;
			files = (
				8431A34C2A574D170056E618 /* 15.png in Resources */,
				8431A3442A574D170056E618 /* 12.png in Resources */,
				8431A3472A574D170056E618 /* 9.png in Resources */,
				8431A34B2A574D170056E618 /* 2.png in Resources */,
				8431A3422A574D170056E618 /* 8.png in Resources */,
				8431A33E2A574D170056E618 /* 20.png in Resources */,
				8431A34F2A574D170056E618 /* 6.png in Resources */,
				8431A33F2A574D170056E618 /* 1.png in Resources */,
				8431A34A2A574D170056E618 /* 3.png in Resources */,
				8431A33C2A574D170056E618 /* 19.png in Resources */,
				84FB043F2A507D1B0084F445 /* LaunchScreen.storyboard in Resources */,
				8431A3462A574D170056E618 /* 0.png in Resources */,
				8431A33B2A574D170056E618 /* 13.png in Resources */,
				8431A3492A574D170056E618 /* 7.png in Resources */,
				8431A3412A574D170056E618 /* 17.png in Resources */,
				8431A3452A574D170056E618 /* 4.png in Resources */,
				8431A3432A574D170056E618 /* 11.png in Resources */,
				8431A34E2A574D170056E618 /* 18.png in Resources */,
				8431A3402A574D170056E618 /* 10.png in Resources */,
				8431A33D2A574D170056E618 /* 5.png in Resources */,
				8431A34D2A574D170056E618 /* 16.png in Resources */,
				84FB043C2A507D1B0084F445 /* Assets.xcassets in Resources */,
				84FB043A2A507D170084F445 /* Main.storyboard in Resources */,
				8431A3482A574D170056E618 /* 14.png in Resources */,
			);
			runOnlyForDeploymentPostprocessing = 0;
		};
/* End PBXResourcesBuildPhase section */

/* Begin PBXSourcesBuildPhase section */
		84FB042B2A507D170084F445 /* Sources */ = {
			isa = PBXSourcesBuildPhase;
			buildActionMask = 2147483647;
			files = (
				84FB04372A507D170084F445 /* ImagesListViewController.swift in Sources */,
				84FB04332A507D170084F445 /* AppDelegate.swift in Sources */,
				84FB04352A507D170084F445 /* SceneDelegate.swift in Sources */,
			);
			runOnlyForDeploymentPostprocessing = 0;
		};
/* End PBXSourcesBuildPhase section */

/* Begin PBXVariantGroup section */
		84FB04382A507D170084F445 /* Main.storyboard */ = {
			isa = PBXVariantGroup;
			children = (
				84FB04392A507D170084F445 /* Base */,
			);
			name = Main.storyboard;
			sourceTree = "<group>";
		};
		84FB043D2A507D1B0084F445 /* LaunchScreen.storyboard */ = {
			isa = PBXVariantGroup;
			children = (
				84FB043E2A507D1B0084F445 /* Base */,
			);
			name = LaunchScreen.storyboard;
			sourceTree = "<group>";
		};
/* End PBXVariantGroup section */

/* Begin XCBuildConfiguration section */
		84FB04412A507D1B0084F445 /* Debug */ = {
			isa = XCBuildConfiguration;
			buildSettings = {
				ALWAYS_SEARCH_USER_PATHS = NO;
				CLANG_ANALYZER_NONNULL = YES;
				CLANG_ANALYZER_NUMBER_OBJECT_CONVERSION = YES_AGGRESSIVE;
				CLANG_CXX_LANGUAGE_STANDARD = "gnu++20";
				CLANG_ENABLE_MODULES = YES;
				CLANG_ENABLE_OBJC_ARC = YES;
				CLANG_ENABLE_OBJC_WEAK = YES;
				CLANG_WARN_BLOCK_CAPTURE_AUTORELEASING = YES;
				CLANG_WARN_BOOL_CONVERSION = YES;
				CLANG_WARN_COMMA = YES;
				CLANG_WARN_CONSTANT_CONVERSION = YES;
				CLANG_WARN_DEPRECATED_OBJC_IMPLEMENTATIONS = YES;
				CLANG_WARN_DIRECT_OBJC_ISA_USAGE = YES_ERROR;
				CLANG_WARN_DOCUMENTATION_COMMENTS = YES;
				CLANG_WARN_EMPTY_BODY = YES;
				CLANG_WARN_ENUM_CONVERSION = YES;
				CLANG_WARN_INFINITE_RECURSION = YES;
				CLANG_WARN_INT_CONVERSION = YES;
				CLANG_WARN_NON_LITERAL_NULL_CONVERSION = YES;
				CLANG_WARN_OBJC_IMPLICIT_RETAIN_SELF = YES;
				CLANG_WARN_OBJC_LITERAL_CONVERSION = YES;
				CLANG_WARN_OBJC_ROOT_CLASS = YES_ERROR;
				CLANG_WARN_QUOTED_INCLUDE_IN_FRAMEWORK_HEADER = YES;
				CLANG_WARN_RANGE_LOOP_ANALYSIS = YES;
				CLANG_WARN_STRICT_PROTOTYPES = YES;
				CLANG_WARN_SUSPICIOUS_MOVE = YES;
				CLANG_WARN_UNGUARDED_AVAILABILITY = YES_AGGRESSIVE;
				CLANG_WARN_UNREACHABLE_CODE = YES;
				CLANG_WARN__DUPLICATE_METHOD_MATCH = YES;
				COPY_PHASE_STRIP = NO;
				DEBUG_INFORMATION_FORMAT = dwarf;
				ENABLE_STRICT_OBJC_MSGSEND = YES;
				ENABLE_TESTABILITY = YES;
				GCC_C_LANGUAGE_STANDARD = gnu11;
				GCC_DYNAMIC_NO_PIC = NO;
				GCC_NO_COMMON_BLOCKS = YES;
				GCC_OPTIMIZATION_LEVEL = 0;
				GCC_PREPROCESSOR_DEFINITIONS = (
					"DEBUG=1",
					"$(inherited)",
				);
				GCC_WARN_64_TO_32_BIT_CONVERSION = YES;
				GCC_WARN_ABOUT_RETURN_TYPE = YES_ERROR;
				GCC_WARN_UNDECLARED_SELECTOR = YES;
				GCC_WARN_UNINITIALIZED_AUTOS = YES_AGGRESSIVE;
				GCC_WARN_UNUSED_FUNCTION = YES;
				GCC_WARN_UNUSED_VARIABLE = YES;
				IPHONEOS_DEPLOYMENT_TARGET = 13.0;
				MTL_ENABLE_DEBUG_INFO = INCLUDE_SOURCE;
				MTL_FAST_MATH = YES;
				ONLY_ACTIVE_ARCH = YES;
				SDKROOT = iphoneos;
				SWIFT_ACTIVE_COMPILATION_CONDITIONS = DEBUG;
				SWIFT_OPTIMIZATION_LEVEL = "-Onone";
			};
			name = Debug;
		};
		84FB04422A507D1B0084F445 /* Release */ = {
			isa = XCBuildConfiguration;
			buildSettings = {
				ALWAYS_SEARCH_USER_PATHS = NO;
				CLANG_ANALYZER_NONNULL = YES;
				CLANG_ANALYZER_NUMBER_OBJECT_CONVERSION = YES_AGGRESSIVE;
				CLANG_CXX_LANGUAGE_STANDARD = "gnu++20";
				CLANG_ENABLE_MODULES = YES;
				CLANG_ENABLE_OBJC_ARC = YES;
				CLANG_ENABLE_OBJC_WEAK = YES;
				CLANG_WARN_BLOCK_CAPTURE_AUTORELEASING = YES;
				CLANG_WARN_BOOL_CONVERSION = YES;
				CLANG_WARN_COMMA = YES;
				CLANG_WARN_CONSTANT_CONVERSION = YES;
				CLANG_WARN_DEPRECATED_OBJC_IMPLEMENTATIONS = YES;
				CLANG_WARN_DIRECT_OBJC_ISA_USAGE = YES_ERROR;
				CLANG_WARN_DOCUMENTATION_COMMENTS = YES;
				CLANG_WARN_EMPTY_BODY = YES;
				CLANG_WARN_ENUM_CONVERSION = YES;
				CLANG_WARN_INFINITE_RECURSION = YES;
				CLANG_WARN_INT_CONVERSION = YES;
				CLANG_WARN_NON_LITERAL_NULL_CONVERSION = YES;
				CLANG_WARN_OBJC_IMPLICIT_RETAIN_SELF = YES;
				CLANG_WARN_OBJC_LITERAL_CONVERSION = YES;
				CLANG_WARN_OBJC_ROOT_CLASS = YES_ERROR;
				CLANG_WARN_QUOTED_INCLUDE_IN_FRAMEWORK_HEADER = YES;
				CLANG_WARN_RANGE_LOOP_ANALYSIS = YES;
				CLANG_WARN_STRICT_PROTOTYPES = YES;
				CLANG_WARN_SUSPICIOUS_MOVE = YES;
				CLANG_WARN_UNGUARDED_AVAILABILITY = YES_AGGRESSIVE;
				CLANG_WARN_UNREACHABLE_CODE = YES;
				CLANG_WARN__DUPLICATE_METHOD_MATCH = YES;
				COPY_PHASE_STRIP = NO;
				DEBUG_INFORMATION_FORMAT = "dwarf-with-dsym";
				ENABLE_NS_ASSERTIONS = NO;
				ENABLE_STRICT_OBJC_MSGSEND = YES;
				GCC_C_LANGUAGE_STANDARD = gnu11;
				GCC_NO_COMMON_BLOCKS = YES;
				GCC_WARN_64_TO_32_BIT_CONVERSION = YES;
				GCC_WARN_ABOUT_RETURN_TYPE = YES_ERROR;
				GCC_WARN_UNDECLARED_SELECTOR = YES;
				GCC_WARN_UNINITIALIZED_AUTOS = YES_AGGRESSIVE;
				GCC_WARN_UNUSED_FUNCTION = YES;
				GCC_WARN_UNUSED_VARIABLE = YES;
				IPHONEOS_DEPLOYMENT_TARGET = 13.0;
				MTL_ENABLE_DEBUG_INFO = NO;
				MTL_FAST_MATH = YES;
				SDKROOT = iphoneos;
				SWIFT_COMPILATION_MODE = wholemodule;
				SWIFT_OPTIMIZATION_LEVEL = "-O";
				VALIDATE_PRODUCT = YES;
			};
			name = Release;
		};
		84FB04442A507D1B0084F445 /* Debug */ = {
			isa = XCBuildConfiguration;
			buildSettings = {
				ASSETCATALOG_COMPILER_APPICON_NAME = AppIcon;
				ASSETCATALOG_COMPILER_GLOBAL_ACCENT_COLOR_NAME = AccentColor;
				CODE_SIGN_STYLE = Automatic;
				CURRENT_PROJECT_VERSION = 1;
				DEVELOPMENT_TEAM = Q9BL3YJ6S3;
				GENERATE_INFOPLIST_FILE = YES;
				INFOPLIST_FILE = ImageFeed/Info.plist;
				INFOPLIST_KEY_UIApplicationSupportsIndirectInputEvents = YES;
				INFOPLIST_KEY_UILaunchStoryboardName = LaunchScreen;
				INFOPLIST_KEY_UIMainStoryboardFile = Main;
				INFOPLIST_KEY_UIStatusBarStyle = UIStatusBarStyleLightContent;
				INFOPLIST_KEY_UISupportedInterfaceOrientations = UIInterfaceOrientationPortrait;
				IPHONEOS_DEPLOYMENT_TARGET = 13.0;
				LD_RUNPATH_SEARCH_PATHS = (
					"$(inherited)",
					"@executable_path/Frameworks",
				);
				MARKETING_VERSION = 1.0;
				PRODUCT_BUNDLE_IDENTIFIER = ru.yandex.practicum.ognerub.ImageFeed;
				PRODUCT_NAME = "$(TARGET_NAME)";
				SUPPORTED_PLATFORMS = "iphoneos iphonesimulator";
				SUPPORTS_MACCATALYST = NO;
				SUPPORTS_MAC_DESIGNED_FOR_IPHONE_IPAD = NO;
				SWIFT_EMIT_LOC_STRINGS = YES;
				SWIFT_VERSION = 5.0;
				TARGETED_DEVICE_FAMILY = 1;
			};
			name = Debug;
		};
		84FB04452A507D1B0084F445 /* Release */ = {
			isa = XCBuildConfiguration;
			buildSettings = {
				ASSETCATALOG_COMPILER_APPICON_NAME = AppIcon;
				ASSETCATALOG_COMPILER_GLOBAL_ACCENT_COLOR_NAME = AccentColor;
				CODE_SIGN_STYLE = Automatic;
				CURRENT_PROJECT_VERSION = 1;
				DEVELOPMENT_TEAM = Q9BL3YJ6S3;
				GENERATE_INFOPLIST_FILE = YES;
				INFOPLIST_FILE = ImageFeed/Info.plist;
				INFOPLIST_KEY_UIApplicationSupportsIndirectInputEvents = YES;
				INFOPLIST_KEY_UILaunchStoryboardName = LaunchScreen;
				INFOPLIST_KEY_UIMainStoryboardFile = Main;
				INFOPLIST_KEY_UIStatusBarStyle = UIStatusBarStyleLightContent;
				INFOPLIST_KEY_UISupportedInterfaceOrientations = UIInterfaceOrientationPortrait;
				IPHONEOS_DEPLOYMENT_TARGET = 13.0;
				LD_RUNPATH_SEARCH_PATHS = (
					"$(inherited)",
					"@executable_path/Frameworks",
				);
				MARKETING_VERSION = 1.0;
				PRODUCT_BUNDLE_IDENTIFIER = ru.yandex.practicum.ognerub.ImageFeed;
				PRODUCT_NAME = "$(TARGET_NAME)";
				SUPPORTED_PLATFORMS = "iphoneos iphonesimulator";
				SUPPORTS_MACCATALYST = NO;
				SUPPORTS_MAC_DESIGNED_FOR_IPHONE_IPAD = NO;
				SWIFT_EMIT_LOC_STRINGS = YES;
				SWIFT_VERSION = 5.0;
				TARGETED_DEVICE_FAMILY = 1;
			};
			name = Release;
		};
/* End XCBuildConfiguration section */

/* Begin XCConfigurationList section */
		84FB042A2A507D170084F445 /* Build configuration list for PBXProject "ImageFeed" */ = {
			isa = XCConfigurationList;
			buildConfigurations = (
				84FB04412A507D1B0084F445 /* Debug */,
				84FB04422A507D1B0084F445 /* Release */,
			);
			defaultConfigurationIsVisible = 0;
			defaultConfigurationName = Release;
		};
		84FB04432A507D1B0084F445 /* Build configuration list for PBXNativeTarget "ImageFeed" */ = {
			isa = XCConfigurationList;
			buildConfigurations = (
				84FB04442A507D1B0084F445 /* Debug */,
				84FB04452A507D1B0084F445 /* Release */,
			);
			defaultConfigurationIsVisible = 0;
			defaultConfigurationName = Release;
		};
/* End XCConfigurationList section */
	};
	rootObject = 84FB04272A507D170084F445 /* Project object */;
}
